
Microsoft Visual Studio Solution File, Format Version 9.00
# Visual Studio 2005
Project("{FAE04EC0-301F-11D3-BF4B-00C04F79EFBC}") = "Katalog2005", "Katalog2005\Katalog2005.csproj", "{1CF4540C-7C20-4F8E-B3B6-846C545DAEAD}"
EndProject
Global
	GlobalSection(SolutionConfigurationPlatforms) = preSolution
		Debug|Any CPU = Debug|Any CPU
		Release|Any CPU = Release|Any CPU
	EndGlobalSection
	GlobalSection(ProjectConfigurationPlatforms) = postSolution
		{1CF4540C-7C20-4F8E-B3B6-846C545DAEAD}.Debug|Any CPU.ActiveCfg = Debug|Any CPU
		{1CF4540C-7C20-4F8E-B3B6-846C545DAEAD}.Debug|Any CPU.Build.0 = Debug|Any CPU
		{1CF4540C-7C20-4F8E-B3B6-846C545DAEAD}.Release|Any CPU.ActiveCfg = Release|Any CPU
		{1CF4540C-7C20-4F8E-B3B6-846C545DAEAD}.Release|Any CPU.Build.0 = Release|Any CPU
	EndGlobalSection
	GlobalSection(SolutionProperties) = preSolution
		HideSolutionNode = FALSE
	EndGlobalSection
EndGlobal
